
Microsoft Visual Studio Solution File, Format Version 12.00
# Visual Studio Version 17
VisualStudioVersion = 17.0.31903.59
MinimumVisualStudioVersion = 10.0.40219.1
Project("{FAE04EC0-301F-11D3-BF4B-00C04F79EFBC}") = "CodeQLDemo.Console", "CodeQLDemo.Console\CodeQLDemo.Console.csproj", "{3105D795-B269-4DE6-8D9A-A1D1F15721A0}"
EndProject
Global
	GlobalSection(SolutionConfigurationPlatforms) = preSolution
		Debug|Any CPU = Debug|Any CPU
		Release|Any CPU = Release|Any CPU
	EndGlobalSection
	GlobalSection(SolutionProperties) = preSolution
		HideSolutionNode = FALSE
	EndGlobalSection
	GlobalSection(ProjectConfigurationPlatforms) = postSolution
		{3105D795-B269-4DE6-8D9A-A1D1F15721A0}.Debug|Any CPU.ActiveCfg = Debug|Any CPU
		{3105D795-B269-4DE6-8D9A-A1D1F15721A0}.Debug|Any CPU.Build.0 = Debug|Any CPU
		{3105D795-B269-4DE6-8D9A-A1D1F15721A0}.Release|Any CPU.ActiveCfg = Release|Any CPU
		{3105D795-B269-4DE6-8D9A-A1D1F15721A0}.Release|Any CPU.Build.0 = Release|Any CPU
	EndGlobalSection
EndGlobal
